schema: '2.0'
stages:
  prepare:
    cmd: python src/prepare.py
    deps:
    - path: data/raw
      hash: md5
      md5: 858ab382756805c382b5c7ed1ccf8b34.dir
      size: 466505
      nfiles: 13
    - path: src/prepare.py
      hash: md5
      md5: 89bc572c6f1e8418b15a55c9c231f680
      size: 1021
    outs:
    - path: data/prepared/test.csv
      hash: md5
      md5: b0aae50cfba624cc2445b3dea07dfc7a
      size: 161014
    - path: data/prepared/train.csv
      hash: md5
      md5: 1dc02e5668c96ebd73776a5d4af2d8c6
      size: 326510
  trainXGB:
    cmd: python src/train.py XGBoost
    deps:
    - path: data/prepared/train.csv
      hash: md5
      md5: 1dc02e5668c96ebd73776a5d4af2d8c6
      size: 326510
    - path: src/train.py
      hash: md5
      md5: b235db1704c7990766ed85e06e253497
      size: 1946
    outs:
    - path: model/modelXGB.joblib
      hash: md5
      md5: 427841b7847a738b470aead5e4d798ea
      size: 577265
  trainRF:
    cmd: python src/train.py RandomForest
    deps:
    - path: data/prepared/train.csv
      hash: md5
      md5: 1dc02e5668c96ebd73776a5d4af2d8c6
      size: 326510
    - path: src/train.py
      hash: md5
      md5: b235db1704c7990766ed85e06e253497
      size: 1946
    outs:
    - path: model/modelRF.joblib
      hash: md5
      md5: 98a0b970f863537941cc6d615c0cdb59
      size: 121673
  evaluate:
    cmd: python src/evaluate.py
    deps:
    - path: model/modelRF.joblib
      hash: md5
      md5: 98a0b970f863537941cc6d615c0cdb59
      size: 121673
    - path: model/modelXGB.joblib
      hash: md5
      md5: 427841b7847a738b470aead5e4d798ea
      size: 577265
    - path: src/evaluate.py
      hash: md5
      md5: b20a8a30c99ede98c1f83917e84fca04
      size: 1737
    outs:
    - path: metrics/accuracy_RF.json
      hash: md5
      md5: e101957d534c44d20781d1a287820087
      size: 32
    - path: metrics/accuracy_XGB.json
      hash: md5
      md5: 8e9bfb7a39bd7075eb3fa5f69e7cf1cc
      size: 32
