schema: '2.0'
stages:
  prepare:
    cmd: python src/prepare.py
    deps:
    - path: data/raw
      hash: md5
      md5: 2ac737b62039182a4f2be73a196cabc1.dir
      size: 1176522
      nfiles: 55
    - path: src/prepare.py
      hash: md5
      md5: e2546b1d98955128de1e5ca6abef9671
      size: 1054
    outs:
    - path: data/prepared/test.csv
      hash: md5
      md5: 22491d1cd1b1c67b1cf402bdd5ee2320
      size: 415733
    - path: data/prepared/train.csv
      hash: md5
      md5: c58580817d47805942ed2848f14e9624
      size: 844089
  trainMLP:
    cmd: python src/train.py MLP
    deps:
    - path: data/prepared/train.csv
      hash: md5
      md5: c58580817d47805942ed2848f14e9624
      size: 844089
    - path: src/train.py
      hash: md5
      md5: fbfe7dc270f46a5a70351db6838d4890
      size: 4090
    outs:
    - path: model/modelMLP.joblib
      hash: md5
      md5: 706261193d60f46428dc10f487f369f1
      size: 205080
  evaluate:
    cmd: python src/evaluate.py
    deps:
    - path: model/modelMLP.joblib
      hash: md5
      md5: 706261193d60f46428dc10f487f369f1
      size: 205080
    - path: src/evaluate.py
      hash: md5
      md5: e85b836462d378c38f31b797ea579514
      size: 4138
    outs:
    - path: metrics/metrics_MLP.json
      hash: md5
      md5: 25d271a742384ea5fca1a9c44a8a1705
      size: 127
